// !$*UTF8*$!
{
	archiveVersion = 1;
	classes = {
	};
	objectVersion = 56;
	objects = {

/* Begin PBXBuildFile section */
		2708511C3F1CE22D7849F725 /* libPods-Fellowship.a in Frameworks */ = {isa = PBXBuildFile; fileRef = BD9D0EEC2DD57A84F16F50AC /* libPods-Fellowship.a */; };
		3956522F290B0B600089D3BC /* HttpRequest.swift in Sources */ = {isa = PBXBuildFile; fileRef = 3956522E290B0B600089D3BC /* HttpRequest.swift */; };
		39565231290B0BFC0089D3BC /* HttpClient.swift in Sources */ = {isa = PBXBuildFile; fileRef = 39565230290B0BFC0089D3BC /* HttpClient.swift */; };
		39565233290B0C610089D3BC /* DefaultHttpClient.swift in Sources */ = {isa = PBXBuildFile; fileRef = 39565232290B0C610089D3BC /* DefaultHttpClient.swift */; };
		39565235290B0C9C0089D3BC /* NetworkError.swift in Sources */ = {isa = PBXBuildFile; fileRef = 39565234290B0C9C0089D3BC /* NetworkError.swift */; };
		397E7034290B053800DB0442 /* AppDelegate.swift in Sources */ = {isa = PBXBuildFile; fileRef = 397E7033290B053800DB0442 /* AppDelegate.swift */; };
		397E7036290B053800DB0442 /* SceneDelegate.swift in Sources */ = {isa = PBXBuildFile; fileRef = 397E7035290B053800DB0442 /* SceneDelegate.swift */; };
		397E7038290B053800DB0442 /* ViewController.swift in Sources */ = {isa = PBXBuildFile; fileRef = 397E7037290B053800DB0442 /* ViewController.swift */; };
		397E703B290B053800DB0442 /* Main.storyboard in Resources */ = {isa = PBXBuildFile; fileRef = 397E7039290B053800DB0442 /* Main.storyboard */; };
		397E703D290B053900DB0442 /* Assets.xcassets in Resources */ = {isa = PBXBuildFile; fileRef = 397E703C290B053900DB0442 /* Assets.xcassets */; };
		397E7040290B053900DB0442 /* LaunchScreen.storyboard in Resources */ = {isa = PBXBuildFile; fileRef = 397E703E290B053900DB0442 /* LaunchScreen.storyboard */; };
/* End PBXBuildFile section */

/* Begin PBXFileReference section */
		3956522E290B0B600089D3BC /* HttpRequest.swift */ = {isa = PBXFileReference; lastKnownFileType = sourcecode.swift; path = HttpRequest.swift; sourceTree = "<group>"; };
		39565230290B0BFC0089D3BC /* HttpClient.swift */ = {isa = PBXFileReference; lastKnownFileType = sourcecode.swift; path = HttpClient.swift; sourceTree = "<group>"; };
		39565232290B0C610089D3BC /* DefaultHttpClient.swift */ = {isa = PBXFileReference; lastKnownFileType = sourcecode.swift; path = DefaultHttpClient.swift; sourceTree = "<group>"; };
		39565234290B0C9C0089D3BC /* NetworkError.swift */ = {isa = PBXFileReference; lastKnownFileType = sourcecode.swift; path = NetworkError.swift; sourceTree = "<group>"; };
		397E7030290B053800DB0442 /* Fellowship.app */ = {isa = PBXFileReference; explicitFileType = wrapper.application; includeInIndex = 0; path = Fellowship.app; sourceTree = BUILT_PRODUCTS_DIR; };
		397E7033290B053800DB0442 /* AppDelegate.swift */ = {isa = PBXFileReference; lastKnownFileType = sourcecode.swift; path = AppDelegate.swift; sourceTree = "<group>"; };
		397E7035290B053800DB0442 /* SceneDelegate.swift */ = {isa = PBXFileReference; lastKnownFileType = sourcecode.swift; path = SceneDelegate.swift; sourceTree = "<group>"; };
		397E7037290B053800DB0442 /* ViewController.swift */ = {isa = PBXFileReference; lastKnownFileType = sourcecode.swift; path = ViewController.swift; sourceTree = "<group>"; };
		397E703A290B053800DB0442 /* Base */ = {isa = PBXFileReference; lastKnownFileType = file.storyboard; name = Base; path = Base.lproj/Main.storyboard; sourceTree = "<group>"; };
		397E703C290B053900DB0442 /* Assets.xcassets */ = {isa = PBXFileReference; lastKnownFileType = folder.assetcatalog; path = Assets.xcassets; sourceTree = "<group>"; };
		397E703F290B053900DB0442 /* Base */ = {isa = PBXFileReference; lastKnownFileType = file.storyboard; name = Base; path = Base.lproj/LaunchScreen.storyboard; sourceTree = "<group>"; };
		397E7041290B053900DB0442 /* Info.plist */ = {isa = PBXFileReference; lastKnownFileType = text.plist.xml; path = Info.plist; sourceTree = "<group>"; };
		5939201146305C1E37AD7A3C /* Pods-Fellowship.release.xcconfig */ = {isa = PBXFileReference; includeInIndex = 1; lastKnownFileType = text.xcconfig; name = "Pods-Fellowship.release.xcconfig"; path = "Target Support Files/Pods-Fellowship/Pods-Fellowship.release.xcconfig"; sourceTree = "<group>"; };
		BD9D0EEC2DD57A84F16F50AC /* libPods-Fellowship.a */ = {isa = PBXFileReference; explicitFileType = archive.ar; includeInIndex = 0; path = "libPods-Fellowship.a"; sourceTree = BUILT_PRODUCTS_DIR; };
		E4D11F0CB6E08B47F656106A /* Pods-Fellowship.debug.xcconfig */ = {isa = PBXFileReference; includeInIndex = 1; lastKnownFileType = text.xcconfig; name = "Pods-Fellowship.debug.xcconfig"; path = "Target Support Files/Pods-Fellowship/Pods-Fellowship.debug.xcconfig"; sourceTree = "<group>"; };
/* End PBXFileReference section */

/* Begin PBXFrameworksBuildPhase section */
		397E702D290B053800DB0442 /* Frameworks */ = {
			isa = PBXFrameworksBuildPhase;
			buildActionMask = 2147483647;
			files = (
				2708511C3F1CE22D7849F725 /* libPods-Fellowship.a in Frameworks */,
			);
			runOnlyForDeploymentPostprocessing = 0;
		};
/* End PBXFrameworksBuildPhase section */

/* Begin PBXGroup section */
		3956522B290B0B150089D3BC /* Core */ = {
			isa = PBXGroup;
			children = (
				3956522C290B0B200089D3BC /* Networking */,
			);
			path = Core;
			sourceTree = "<group>";
		};
		3956522C290B0B200089D3BC /* Networking */ = {
			isa = PBXGroup;
			children = (
				39565234290B0C9C0089D3BC /* NetworkError.swift */,
				3956522D290B0B410089D3BC /* HttpClient */,
			);
			path = Networking;
			sourceTree = "<group>";
		};
		3956522D290B0B410089D3BC /* HttpClient */ = {
			isa = PBXGroup;
			children = (
				3956522E290B0B600089D3BC /* HttpRequest.swift */,
				39565230290B0BFC0089D3BC /* HttpClient.swift */,
				39565232290B0C610089D3BC /* DefaultHttpClient.swift */,
			);
			path = HttpClient;
			sourceTree = "<group>";
		};
		397E7027290B053800DB0442 = {
			isa = PBXGroup;
			children = (
				397E7032290B053800DB0442 /* Fellowship */,
				397E7031290B053800DB0442 /* Products */,
				58598256EAF63F97DC99BDA9 /* Pods */,
				56AB4BB8D6D022B1A29360A1 /* Frameworks */,
			);
			indentWidth = 2;
			sourceTree = "<group>";
			tabWidth = 2;
		};
		397E7031290B053800DB0442 /* Products */ = {
			isa = PBXGroup;
			children = (
				397E7030290B053800DB0442 /* Fellowship.app */,
			);
			name = Products;
			sourceTree = "<group>";
		};
		397E7032290B053800DB0442 /* Fellowship */ = {
			isa = PBXGroup;
			children = (
				3956522B290B0B150089D3BC /* Core */,
				397E7033290B053800DB0442 /* AppDelegate.swift */,
				397E7035290B053800DB0442 /* SceneDelegate.swift */,
				397E7037290B053800DB0442 /* ViewController.swift */,
				397E7039290B053800DB0442 /* Main.storyboard */,
				397E703C290B053900DB0442 /* Assets.xcassets */,
				397E703E290B053900DB0442 /* LaunchScreen.storyboard */,
				397E7041290B053900DB0442 /* Info.plist */,
			);
			path = Fellowship;
			sourceTree = "<group>";
		};
		56AB4BB8D6D022B1A29360A1 /* Frameworks */ = {
			isa = PBXGroup;
			children = (
				BD9D0EEC2DD57A84F16F50AC /* libPods-Fellowship.a */,
			);
			name = Frameworks;
			sourceTree = "<group>";
		};
		58598256EAF63F97DC99BDA9 /* Pods */ = {
			isa = PBXGroup;
			children = (
				E4D11F0CB6E08B47F656106A /* Pods-Fellowship.debug.xcconfig */,
				5939201146305C1E37AD7A3C /* Pods-Fellowship.release.xcconfig */,
			);
			path = Pods;
			sourceTree = "<group>";
		};
/* End PBXGroup section */

/* Begin PBXNativeTarget section */
		397E702F290B053800DB0442 /* Fellowship */ = {
			isa = PBXNativeTarget;
			buildConfigurationList = 397E7044290B053900DB0442 /* Build configuration list for PBXNativeTarget "Fellowship" */;
			buildPhases = (
				7240EE919095C89A9683C063 /* [CP] Check Pods Manifest.lock */,
				397E702C290B053800DB0442 /* Sources */,
				397E702D290B053800DB0442 /* Frameworks */,
				397E702E290B053800DB0442 /* Resources */,
			);
			buildRules = (
			);
			dependencies = (
			);
			name = Fellowship;
			productName = Fellowship;
			productReference = 397E7030290B053800DB0442 /* Fellowship.app */;
			productType = "com.apple.product-type.application";
		};
/* End PBXNativeTarget section */

/* Begin PBXProject section */
		397E7028290B053800DB0442 /* Project object */ = {
			isa = PBXProject;
			attributes = {
				BuildIndependentTargetsInParallel = 1;
				LastSwiftUpdateCheck = 1400;
				LastUpgradeCheck = 1400;
				TargetAttributes = {
					397E702F290B053800DB0442 = {
						CreatedOnToolsVersion = 14.0.1;
					};
				};
			};
			buildConfigurationList = 397E702B290B053800DB0442 /* Build configuration list for PBXProject "Fellowship" */;
			compatibilityVersion = "Xcode 14.0";
			developmentRegion = en;
			hasScannedForEncodings = 0;
			knownRegions = (
				en,
				Base,
			);
			mainGroup = 397E7027290B053800DB0442;
			productRefGroup = 397E7031290B053800DB0442 /* Products */;
			projectDirPath = "";
			projectRoot = "";
			targets = (
				397E702F290B053800DB0442 /* Fellowship */,
			);
		};
/* End PBXProject section */

/* Begin PBXResourcesBuildPhase section */
		397E702E290B053800DB0442 /* Resources */ = {
			isa = PBXResourcesBuildPhase;
			buildActionMask = 2147483647;
			files = (
				397E7040290B053900DB0442 /* LaunchScreen.storyboard in Resources */,
				397E703D290B053900DB0442 /* Assets.xcassets in Resources */,
				397E703B290B053800DB0442 /* Main.storyboard in Resources */,
			);
			runOnlyForDeploymentPostprocessing = 0;
		};
/* End PBXResourcesBuildPhase section */

/* Begin PBXShellScriptBuildPhase section */
		7240EE919095C89A9683C063 /* [CP] Check Pods Manifest.lock */ = {
			isa = PBXShellScriptBuildPhase;
			buildActionMask = 2147483647;
			files = (
			);
			inputFileListPaths = (
			);
			inputPaths = (
				"${PODS_PODFILE_DIR_PATH}/Podfile.lock",
				"${PODS_ROOT}/Manifest.lock",
			);
			name = "[CP] Check Pods Manifest.lock";
			outputFileListPaths = (
			);
			outputPaths = (
				"$(DERIVED_FILE_DIR)/Pods-Fellowship-checkManifestLockResult.txt",
			);
			runOnlyForDeploymentPostprocessing = 0;
			shellPath = /bin/sh;
			shellScript = "diff \"${PODS_PODFILE_DIR_PATH}/Podfile.lock\" \"${PODS_ROOT}/Manifest.lock\" > /dev/null\nif [ $? != 0 ] ; then\n    # print error to STDERR\n    echo \"error: The sandbox is not in sync with the Podfile.lock. Run 'pod install' or update your CocoaPods installation.\" >&2\n    exit 1\nfi\n# This output is used by Xcode 'outputs' to avoid re-running this script phase.\necho \"SUCCESS\" > \"${SCRIPT_OUTPUT_FILE_0}\"\n";
			showEnvVarsInLog = 0;
		};
/* End PBXShellScriptBuildPhase section */

/* Begin PBXSourcesBuildPhase section */
		397E702C290B053800DB0442 /* Sources */ = {
			isa = PBXSourcesBuildPhase;
			buildActionMask = 2147483647;
			files = (
				39565233290B0C610089D3BC /* DefaultHttpClient.swift in Sources */,
				39565235290B0C9C0089D3BC /* NetworkError.swift in Sources */,
				39565231290B0BFC0089D3BC /* HttpClient.swift in Sources */,
				397E7038290B053800DB0442 /* ViewController.swift in Sources */,
				3956522F290B0B600089D3BC /* HttpRequest.swift in Sources */,
				397E7034290B053800DB0442 /* AppDelegate.swift in Sources */,
				397E7036290B053800DB0442 /* SceneDelegate.swift in Sources */,
			);
			runOnlyForDeploymentPostprocessing = 0;
		};
/* End PBXSourcesBuildPhase section */

/* Begin PBXVariantGroup section */
		397E7039290B053800DB0442 /* Main.storyboard */ = {
			isa = PBXVariantGroup;
			children = (
				397E703A290B053800DB0442 /* Base */,
			);
			name = Main.storyboard;
			sourceTree = "<group>";
		};
		397E703E290B053900DB0442 /* LaunchScreen.storyboard */ = {
			isa = PBXVariantGroup;
			children = (
				397E703F290B053900DB0442 /* Base */,
			);
			name = LaunchScreen.storyboard;
			sourceTree = "<group>";
		};
/* End PBXVariantGroup section */

/* Begin XCBuildConfiguration section */
		397E7042290B053900DB0442 /* Debug */ = {
			isa = XCBuildConfiguration;
			buildSettings = {
				ALWAYS_SEARCH_USER_PATHS = NO;
				CLANG_ANALYZER_NONNULL = YES;
				CLANG_ANALYZER_NUMBER_OBJECT_CONVERSION = YES_AGGRESSIVE;
				CLANG_CXX_LANGUAGE_STANDARD = "gnu++20";
				CLANG_ENABLE_MODULES = YES;
				CLANG_ENABLE_OBJC_ARC = YES;
				CLANG_ENABLE_OBJC_WEAK = YES;
				CLANG_WARN_BLOCK_CAPTURE_AUTORELEASING = YES;
				CLANG_WARN_BOOL_CONVERSION = YES;
				CLANG_WARN_COMMA = YES;
				CLANG_WARN_CONSTANT_CONVERSION = YES;
				CLANG_WARN_DEPRECATED_OBJC_IMPLEMENTATIONS = YES;
				CLANG_WARN_DIRECT_OBJC_ISA_USAGE = YES_ERROR;
				CLANG_WARN_DOCUMENTATION_COMMENTS = YES;
				CLANG_WARN_EMPTY_BODY = YES;
				CLANG_WARN_ENUM_CONVERSION = YES;
				CLANG_WARN_INFINITE_RECURSION = YES;
				CLANG_WARN_INT_CONVERSION = YES;
				CLANG_WARN_NON_LITERAL_NULL_CONVERSION = YES;
				CLANG_WARN_OBJC_IMPLICIT_RETAIN_SELF = YES;
				CLANG_WARN_OBJC_LITERAL_CONVERSION = YES;
				CLANG_WARN_OBJC_ROOT_CLASS = YES_ERROR;
				CLANG_WARN_QUOTED_INCLUDE_IN_FRAMEWORK_HEADER = YES;
				CLANG_WARN_RANGE_LOOP_ANALYSIS = YES;
				CLANG_WARN_STRICT_PROTOTYPES = YES;
				CLANG_WARN_SUSPICIOUS_MOVE = YES;
				CLANG_WARN_UNGUARDED_AVAILABILITY = YES_AGGRESSIVE;
				CLANG_WARN_UNREACHABLE_CODE = YES;
				CLANG_WARN__DUPLICATE_METHOD_MATCH = YES;
				COPY_PHASE_STRIP = NO;
				DEBUG_INFORMATION_FORMAT = dwarf;
				ENABLE_STRICT_OBJC_MSGSEND = YES;
				ENABLE_TESTABILITY = YES;
				GCC_C_LANGUAGE_STANDARD = gnu11;
				GCC_DYNAMIC_NO_PIC = NO;
				GCC_NO_COMMON_BLOCKS = YES;
				GCC_OPTIMIZATION_LEVEL = 0;
				GCC_PREPROCESSOR_DEFINITIONS = (
					"DEBUG=1",
					"$(inherited)",
				);
				GCC_WARN_64_TO_32_BIT_CONVERSION = YES;
				GCC_WARN_ABOUT_RETURN_TYPE = YES_ERROR;
				GCC_WARN_UNDECLARED_SELECTOR = YES;
				GCC_WARN_UNINITIALIZED_AUTOS = YES_AGGRESSIVE;
				GCC_WARN_UNUSED_FUNCTION = YES;
				GCC_WARN_UNUSED_VARIABLE = YES;
				IPHONEOS_DEPLOYMENT_TARGET = 15.0;
				MTL_ENABLE_DEBUG_INFO = INCLUDE_SOURCE;
				MTL_FAST_MATH = YES;
				ONLY_ACTIVE_ARCH = YES;
				SDKROOT = iphoneos;
				SWIFT_ACTIVE_COMPILATION_CONDITIONS = DEBUG;
				SWIFT_OPTIMIZATION_LEVEL = "-Onone";
			};
			name = Debug;
		};
		397E7043290B053900DB0442 /* Release */ = {
			isa = XCBuildConfiguration;
			buildSettings = {
				ALWAYS_SEARCH_USER_PATHS = NO;
				CLANG_ANALYZER_NONNULL = YES;
				CLANG_ANALYZER_NUMBER_OBJECT_CONVERSION = YES_AGGRESSIVE;
				CLANG_CXX_LANGUAGE_STANDARD = "gnu++20";
				CLANG_ENABLE_MODULES = YES;
				CLANG_ENABLE_OBJC_ARC = YES;
				CLANG_ENABLE_OBJC_WEAK = YES;
				CLANG_WARN_BLOCK_CAPTURE_AUTORELEASING = YES;
				CLANG_WARN_BOOL_CONVERSION = YES;
				CLANG_WARN_COMMA = YES;
				CLANG_WARN_CONSTANT_CONVERSION = YES;
				CLANG_WARN_DEPRECATED_OBJC_IMPLEMENTATIONS = YES;
				CLANG_WARN_DIRECT_OBJC_ISA_USAGE = YES_ERROR;
				CLANG_WARN_DOCUMENTATION_COMMENTS = YES;
				CLANG_WARN_EMPTY_BODY = YES;
				CLANG_WARN_ENUM_CONVERSION = YES;
				CLANG_WARN_INFINITE_RECURSION = YES;
				CLANG_WARN_INT_CONVERSION = YES;
				CLANG_WARN_NON_LITERAL_NULL_CONVERSION = YES;
				CLANG_WARN_OBJC_IMPLICIT_RETAIN_SELF = YES;
				CLANG_WARN_OBJC_LITERAL_CONVERSION = YES;
				CLANG_WARN_OBJC_ROOT_CLASS = YES_ERROR;
				CLANG_WARN_QUOTED_INCLUDE_IN_FRAMEWORK_HEADER = YES;
				CLANG_WARN_RANGE_LOOP_ANALYSIS = YES;
				CLANG_WARN_STRICT_PROTOTYPES = YES;
				CLANG_WARN_SUSPICIOUS_MOVE = YES;
				CLANG_WARN_UNGUARDED_AVAILABILITY = YES_AGGRESSIVE;
				CLANG_WARN_UNREACHABLE_CODE = YES;
				CLANG_WARN__DUPLICATE_METHOD_MATCH = YES;
				COPY_PHASE_STRIP = NO;
				DEBUG_INFORMATION_FORMAT = "dwarf-with-dsym";
				ENABLE_NS_ASSERTIONS = NO;
				ENABLE_STRICT_OBJC_MSGSEND = YES;
				GCC_C_LANGUAGE_STANDARD = gnu11;
				GCC_NO_COMMON_BLOCKS = YES;
				GCC_WARN_64_TO_32_BIT_CONVERSION = YES;
				GCC_WARN_ABOUT_RETURN_TYPE = YES_ERROR;
				GCC_WARN_UNDECLARED_SELECTOR = YES;
				GCC_WARN_UNINITIALIZED_AUTOS = YES_AGGRESSIVE;
				GCC_WARN_UNUSED_FUNCTION = YES;
				GCC_WARN_UNUSED_VARIABLE = YES;
				IPHONEOS_DEPLOYMENT_TARGET = 15.0;
				MTL_ENABLE_DEBUG_INFO = NO;
				MTL_FAST_MATH = YES;
				SDKROOT = iphoneos;
				SWIFT_COMPILATION_MODE = wholemodule;
				SWIFT_OPTIMIZATION_LEVEL = "-O";
				VALIDATE_PRODUCT = YES;
			};
			name = Release;
		};
		397E7045290B053900DB0442 /* Debug */ = {
			isa = XCBuildConfiguration;
			baseConfigurationReference = E4D11F0CB6E08B47F656106A /* Pods-Fellowship.debug.xcconfig */;
			buildSettings = {
				ASSETCATALOG_COMPILER_APPICON_NAME = AppIcon;
				ASSETCATALOG_COMPILER_GLOBAL_ACCENT_COLOR_NAME = AccentColor;
				CODE_SIGN_STYLE = Automatic;
				CURRENT_PROJECT_VERSION = 1;
				DEVELOPMENT_TEAM = BJ636W9RZ7;
				GENERATE_INFOPLIST_FILE = YES;
				INFOPLIST_FILE = Fellowship/Info.plist;
				INFOPLIST_KEY_UIApplicationSupportsIndirectInputEvents = YES;
				INFOPLIST_KEY_UILaunchStoryboardName = LaunchScreen;
				INFOPLIST_KEY_UIMainStoryboardFile = Main;
				INFOPLIST_KEY_UISupportedInterfaceOrientations_iPad = "UIInterfaceOrientationPortrait UIInterfaceOrientationPortraitUpsideDown UIInterfaceOrientationLandscapeLeft UIInterfaceOrientationLandscapeRight";
				INFOPLIST_KEY_UISupportedInterfaceOrientations_iPhone = "UIInterfaceOrientationPortrait UIInterfaceOrientationLandscapeLeft UIInterfaceOrientationLandscapeRight";
				LD_RUNPATH_SEARCH_PATHS = (
					"$(inherited)",
					"@executable_path/Frameworks",
				);
				MARKETING_VERSION = 1.0;
				PRODUCT_BUNDLE_IDENTIFIER = com.example.Fellowship;
				PRODUCT_NAME = "$(TARGET_NAME)";
				SUPPORTED_PLATFORMS = "iphoneos iphonesimulator";
				SUPPORTS_MACCATALYST = NO;
				SUPPORTS_MAC_DESIGNED_FOR_IPHONE_IPAD = NO;
				SWIFT_EMIT_LOC_STRINGS = YES;
				SWIFT_VERSION = 5.0;
				TARGETED_DEVICE_FAMILY = 1;
			};
			name = Debug;
		};
		397E7046290B053900DB0442 /* Release */ = {
			isa = XCBuildConfiguration;
			baseConfigurationReference = 5939201146305C1E37AD7A3C /* Pods-Fellowship.release.xcconfig */;
			buildSettings = {
				ASSETCATALOG_COMPILER_APPICON_NAME = AppIcon;
				ASSETCATALOG_COMPILER_GLOBAL_ACCENT_COLOR_NAME = AccentColor;
				CODE_SIGN_STYLE = Automatic;
				CURRENT_PROJECT_VERSION = 1;
				DEVELOPMENT_TEAM = BJ636W9RZ7;
				GENERATE_INFOPLIST_FILE = YES;
				INFOPLIST_FILE = Fellowship/Info.plist;
				INFOPLIST_KEY_UIApplicationSupportsIndirectInputEvents = YES;
				INFOPLIST_KEY_UILaunchStoryboardName = LaunchScreen;
				INFOPLIST_KEY_UIMainStoryboardFile = Main;
				INFOPLIST_KEY_UISupportedInterfaceOrientations_iPad = "UIInterfaceOrientationPortrait UIInterfaceOrientationPortraitUpsideDown UIInterfaceOrientationLandscapeLeft UIInterfaceOrientationLandscapeRight";
				INFOPLIST_KEY_UISupportedInterfaceOrientations_iPhone = "UIInterfaceOrientationPortrait UIInterfaceOrientationLandscapeLeft UIInterfaceOrientationLandscapeRight";
				LD_RUNPATH_SEARCH_PATHS = (
					"$(inherited)",
					"@executable_path/Frameworks",
				);
				MARKETING_VERSION = 1.0;
				PRODUCT_BUNDLE_IDENTIFIER = com.example.Fellowship;
				PRODUCT_NAME = "$(TARGET_NAME)";
				SUPPORTED_PLATFORMS = "iphoneos iphonesimulator";
				SUPPORTS_MACCATALYST = NO;
				SUPPORTS_MAC_DESIGNED_FOR_IPHONE_IPAD = NO;
				SWIFT_EMIT_LOC_STRINGS = YES;
				SWIFT_VERSION = 5.0;
				TARGETED_DEVICE_FAMILY = 1;
			};
			name = Release;
		};
/* End XCBuildConfiguration section */

/* Begin XCConfigurationList section */
		397E702B290B053800DB0442 /* Build configuration list for PBXProject "Fellowship" */ = {
			isa = XCConfigurationList;
			buildConfigurations = (
				397E7042290B053900DB0442 /* Debug */,
				397E7043290B053900DB0442 /* Release */,
			);
			defaultConfigurationIsVisible = 0;
			defaultConfigurationName = Release;
		};
		397E7044290B053900DB0442 /* Build configuration list for PBXNativeTarget "Fellowship" */ = {
			isa = XCConfigurationList;
			buildConfigurations = (
				397E7045290B053900DB0442 /* Debug */,
				397E7046290B053900DB0442 /* Release */,
			);
			defaultConfigurationIsVisible = 0;
			defaultConfigurationName = Release;
		};
/* End XCConfigurationList section */
	};
	rootObject = 397E7028290B053800DB0442 /* Project object */;
}
